// !$*UTF8*$!
{
	archiveVersion = 1;
	classes = {
	};
	objectVersion = 56;
	objects = {

/* Begin PBXBuildFile section */
		FC71EC342BBB33AC00C01C0E /* LearnLangApp.swift in Sources */ = {isa = PBXBuildFile; fileRef = FC71EC332BBB33AC00C01C0E /* LearnLangApp.swift */; };
		FC71EC362BBB33AC00C01C0E /* ContentView.swift in Sources */ = {isa = PBXBuildFile; fileRef = FC71EC352BBB33AC00C01C0E /* ContentView.swift */; };
		FC71EC382BBB33AD00C01C0E /* Assets.xcassets in Resources */ = {isa = PBXBuildFile; fileRef = FC71EC372BBB33AD00C01C0E /* Assets.xcassets */; };
		FC71EC3B2BBB33AD00C01C0E /* Preview Assets.xcassets in Resources */ = {isa = PBXBuildFile; fileRef = FC71EC3A2BBB33AD00C01C0E /* Preview Assets.xcassets */; };
		FC71EC462BBB389100C01C0E /* ListView.swift in Sources */ = {isa = PBXBuildFile; fileRef = FC71EC452BBB389100C01C0E /* ListView.swift */; };
		FC71EC482BBBE41F00C01C0E /* RandomWorldView.swift in Sources */ = {isa = PBXBuildFile; fileRef = FC71EC472BBBE41F00C01C0E /* RandomWorldView.swift */; };
		FC71EC4A2BBBFB7600C01C0E /* LinksView.swift in Sources */ = {isa = PBXBuildFile; fileRef = FC71EC492BBBFB7600C01C0E /* LinksView.swift */; };
/* End PBXBuildFile section */

/* Begin PBXFileReference section */
		FC71EC302BBB33AC00C01C0E /* LearnLang.app */ = {isa = PBXFileReference; explicitFileType = wrapper.application; includeInIndex = 0; path = LearnLang.app; sourceTree = BUILT_PRODUCTS_DIR; };
		FC71EC332BBB33AC00C01C0E /* LearnLangApp.swift */ = {isa = PBXFileReference; lastKnownFileType = sourcecode.swift; path = LearnLangApp.swift; sourceTree = "<group>"; };
		FC71EC352BBB33AC00C01C0E /* ContentView.swift */ = {isa = PBXFileReference; lastKnownFileType = sourcecode.swift; path = ContentView.swift; sourceTree = "<group>"; };
		FC71EC372BBB33AD00C01C0E /* Assets.xcassets */ = {isa = PBXFileReference; lastKnownFileType = folder.assetcatalog; path = Assets.xcassets; sourceTree = "<group>"; };
		FC71EC3A2BBB33AD00C01C0E /* Preview Assets.xcassets */ = {isa = PBXFileReference; lastKnownFileType = folder.assetcatalog; path = "Preview Assets.xcassets"; sourceTree = "<group>"; };
		FC71EC452BBB389100C01C0E /* ListView.swift */ = {isa = PBXFileReference; lastKnownFileType = sourcecode.swift; path = ListView.swift; sourceTree = "<group>"; };
		FC71EC472BBBE41F00C01C0E /* RandomWorldView.swift */ = {isa = PBXFileReference; lastKnownFileType = sourcecode.swift; path = RandomWorldView.swift; sourceTree = "<group>"; };
		FC71EC492BBBFB7600C01C0E /* LinksView.swift */ = {isa = PBXFileReference; lastKnownFileType = sourcecode.swift; path = LinksView.swift; sourceTree = "<group>"; };
/* End PBXFileReference section */

/* Begin PBXFrameworksBuildPhase section */
		FC71EC2D2BBB33AC00C01C0E /* Frameworks */ = {
			isa = PBXFrameworksBuildPhase;
			buildActionMask = 2147483647;
			files = (
			);
			runOnlyForDeploymentPostprocessing = 0;
		};
/* End PBXFrameworksBuildPhase section */

/* Begin PBXGroup section */
		FC71EC272BBB33AC00C01C0E = {
			isa = PBXGroup;
			children = (
				FC71EC322BBB33AC00C01C0E /* LearnLang */,
				FC71EC312BBB33AC00C01C0E /* Products */,
			);
			sourceTree = "<group>";
		};
		FC71EC312BBB33AC00C01C0E /* Products */ = {
			isa = PBXGroup;
			children = (
				FC71EC302BBB33AC00C01C0E /* LearnLang.app */,
			);
			name = Products;
			sourceTree = "<group>";
		};
		FC71EC322BBB33AC00C01C0E /* LearnLang */ = {
			isa = PBXGroup;
			children = (
				FC71EC332BBB33AC00C01C0E /* LearnLangApp.swift */,
				FC71EC432BBB345600C01C0E /* Model */,
				FC71EC422BBB344E00C01C0E /* ViewModel */,
				FC71EC412BBB344700C01C0E /* View */,
				FC71EC372BBB33AD00C01C0E /* Assets.xcassets */,
				FC71EC392BBB33AD00C01C0E /* Preview Content */,
			);
			path = LearnLang;
			sourceTree = "<group>";
		};
		FC71EC392BBB33AD00C01C0E /* Preview Content */ = {
			isa = PBXGroup;
			children = (
				FC71EC3A2BBB33AD00C01C0E /* Preview Assets.xcassets */,
			);
			path = "Preview Content";
			sourceTree = "<group>";
		};
		FC71EC412BBB344700C01C0E /* View */ = {
			isa = PBXGroup;
			children = (
				FC71EC442BBB387800C01C0E /* Components */,
				FC71EC352BBB33AC00C01C0E /* ContentView.swift */,
			);
			path = View;
			sourceTree = "<group>";
		};
		FC71EC422BBB344E00C01C0E /* ViewModel */ = {
			isa = PBXGroup;
			children = (
			);
			path = ViewModel;
			sourceTree = "<group>";
		};
		FC71EC432BBB345600C01C0E /* Model */ = {
			isa = PBXGroup;
			children = (
			);
			path = Model;
			sourceTree = "<group>";
		};
		FC71EC442BBB387800C01C0E /* Components */ = {
			isa = PBXGroup;
			children = (
				FC71EC452BBB389100C01C0E /* ListView.swift */,
				FC71EC472BBBE41F00C01C0E /* RandomWorldView.swift */,
				FC71EC492BBBFB7600C01C0E /* LinksView.swift */,
			);
			path = Components;
			sourceTree = "<group>";
		};
/* End PBXGroup section */

/* Begin PBXNativeTarget section */
		FC71EC2F2BBB33AC00C01C0E /* LearnLang */ = {
			isa = PBXNativeTarget;
			buildConfigurationList = FC71EC3E2BBB33AD00C01C0E /* Build configuration list for PBXNativeTarget "LearnLang" */;
			buildPhases = (
				FC71EC2C2BBB33AC00C01C0E /* Sources */,
				FC71EC2D2BBB33AC00C01C0E /* Frameworks */,
				FC71EC2E2BBB33AC00C01C0E /* Resources */,
			);
			buildRules = (
			);
			dependencies = (
			);
			name = LearnLang;
			productName = LearnLang;
			productReference = FC71EC302BBB33AC00C01C0E /* LearnLang.app */;
			productType = "com.apple.product-type.application";
		};
/* End PBXNativeTarget section */

/* Begin PBXProject section */
		FC71EC282BBB33AC00C01C0E /* Project object */ = {
			isa = PBXProject;
			attributes = {
				BuildIndependentTargetsInParallel = 1;
				LastSwiftUpdateCheck = 1500;
				LastUpgradeCheck = 1500;
				TargetAttributes = {
					FC71EC2F2BBB33AC00C01C0E = {
						CreatedOnToolsVersion = 15.0.1;
					};
				};
			};
			buildConfigurationList = FC71EC2B2BBB33AC00C01C0E /* Build configuration list for PBXProject "LearnLang" */;
			compatibilityVersion = "Xcode 14.0";
			developmentRegion = en;
			hasScannedForEncodings = 0;
			knownRegions = (
				en,
				Base,
			);
			mainGroup = FC71EC272BBB33AC00C01C0E;
			productRefGroup = FC71EC312BBB33AC00C01C0E /* Products */;
			projectDirPath = "";
			projectRoot = "";
			targets = (
				FC71EC2F2BBB33AC00C01C0E /* LearnLang */,
			);
		};
/* End PBXProject section */

/* Begin PBXResourcesBuildPhase section */
		FC71EC2E2BBB33AC00C01C0E /* Resources */ = {
			isa = PBXResourcesBuildPhase;
			buildActionMask = 2147483647;
			files = (
				FC71EC3B2BBB33AD00C01C0E /* Preview Assets.xcassets in Resources */,
				FC71EC382BBB33AD00C01C0E /* Assets.xcassets in Resources */,
			);
			runOnlyForDeploymentPostprocessing = 0;
		};
/* End PBXResourcesBuildPhase section */

/* Begin PBXSourcesBuildPhase section */
		FC71EC2C2BBB33AC00C01C0E /* Sources */ = {
			isa = PBXSourcesBuildPhase;
			buildActionMask = 2147483647;
			files = (
				FC71EC482BBBE41F00C01C0E /* RandomWorldView.swift in Sources */,
				FC71EC362BBB33AC00C01C0E /* ContentView.swift in Sources */,
				FC71EC4A2BBBFB7600C01C0E /* LinksView.swift in Sources */,
				FC71EC342BBB33AC00C01C0E /* LearnLangApp.swift in Sources */,
				FC71EC462BBB389100C01C0E /* ListView.swift in Sources */,
			);
			runOnlyForDeploymentPostprocessing = 0;
		};
/* End PBXSourcesBuildPhase section */

/* Begin XCBuildConfiguration section */
		FC71EC3C2BBB33AD00C01C0E /* Debug */ = {
			isa = XCBuildConfiguration;
			buildSettings = {
				ALWAYS_SEARCH_USER_PATHS = NO;
				ASSETCATALOG_COMPILER_GENERATE_SWIFT_ASSET_SYMBOL_EXTENSIONS = YES;
				CLANG_ANALYZER_NONNULL = YES;
				CLANG_ANALYZER_NUMBER_OBJECT_CONVERSION = YES_AGGRESSIVE;
				CLANG_CXX_LANGUAGE_STANDARD = "gnu++20";
				CLANG_ENABLE_MODULES = YES;
				CLANG_ENABLE_OBJC_ARC = YES;
				CLANG_ENABLE_OBJC_WEAK = YES;
				CLANG_WARN_BLOCK_CAPTURE_AUTORELEASING = YES;
				CLANG_WARN_BOOL_CONVERSION = YES;
				CLANG_WARN_COMMA = YES;
				CLANG_WARN_CONSTANT_CONVERSION = YES;
				CLANG_WARN_DEPRECATED_OBJC_IMPLEMENTATIONS = YES;
				CLANG_WARN_DIRECT_OBJC_ISA_USAGE = YES_ERROR;
				CLANG_WARN_DOCUMENTATION_COMMENTS = YES;
				CLANG_WARN_EMPTY_BODY = YES;
				CLANG_WARN_ENUM_CONVERSION = YES;
				CLANG_WARN_INFINITE_RECURSION = YES;
				CLANG_WARN_INT_CONVERSION = YES;
				CLANG_WARN_NON_LITERAL_NULL_CONVERSION = YES;
				CLANG_WARN_OBJC_IMPLICIT_RETAIN_SELF = YES;
				CLANG_WARN_OBJC_LITERAL_CONVERSION = YES;
				CLANG_WARN_OBJC_ROOT_CLASS = YES_ERROR;
				CLANG_WARN_QUOTED_INCLUDE_IN_FRAMEWORK_HEADER = YES;
				CLANG_WARN_RANGE_LOOP_ANALYSIS = YES;
				CLANG_WARN_STRICT_PROTOTYPES = YES;
				CLANG_WARN_SUSPICIOUS_MOVE = YES;
				CLANG_WARN_UNGUARDED_AVAILABILITY = YES_AGGRESSIVE;
				CLANG_WARN_UNREACHABLE_CODE = YES;
				CLANG_WARN__DUPLICATE_METHOD_MATCH = YES;
				COPY_PHASE_STRIP = NO;
				DEBUG_INFORMATION_FORMAT = dwarf;
				ENABLE_STRICT_OBJC_MSGSEND = YES;
				ENABLE_TESTABILITY = YES;
				ENABLE_USER_SCRIPT_SANDBOXING = YES;
				GCC_C_LANGUAGE_STANDARD = gnu17;
				GCC_DYNAMIC_NO_PIC = NO;
				GCC_NO_COMMON_BLOCKS = YES;
				GCC_OPTIMIZATION_LEVEL = 0;
				GCC_PREPROCESSOR_DEFINITIONS = (
					"DEBUG=1",
					"$(inherited)",
				);
				GCC_WARN_64_TO_32_BIT_CONVERSION = YES;
				GCC_WARN_ABOUT_RETURN_TYPE = YES_ERROR;
				GCC_WARN_UNDECLARED_SELECTOR = YES;
				GCC_WARN_UNINITIALIZED_AUTOS = YES_AGGRESSIVE;
				GCC_WARN_UNUSED_FUNCTION = YES;
				GCC_WARN_UNUSED_VARIABLE = YES;
				IPHONEOS_DEPLOYMENT_TARGET = 17.0;
				LOCALIZATION_PREFERS_STRING_CATALOGS = YES;
				MTL_ENABLE_DEBUG_INFO = INCLUDE_SOURCE;
				MTL_FAST_MATH = YES;
				ONLY_ACTIVE_ARCH = YES;
				SDKROOT = iphoneos;
				SWIFT_ACTIVE_COMPILATION_CONDITIONS = "DEBUG $(inherited)";
				SWIFT_OPTIMIZATION_LEVEL = "-Onone";
			};
			name = Debug;
		};
		FC71EC3D2BBB33AD00C01C0E /* Release */ = {
			isa = XCBuildConfiguration;
			buildSettings = {
				ALWAYS_SEARCH_USER_PATHS = NO;
				ASSETCATALOG_COMPILER_GENERATE_SWIFT_ASSET_SYMBOL_EXTENSIONS = YES;
				CLANG_ANALYZER_NONNULL = YES;
				CLANG_ANALYZER_NUMBER_OBJECT_CONVERSION = YES_AGGRESSIVE;
				CLANG_CXX_LANGUAGE_STANDARD = "gnu++20";
				CLANG_ENABLE_MODULES = YES;
				CLANG_ENABLE_OBJC_ARC = YES;
				CLANG_ENABLE_OBJC_WEAK = YES;
				CLANG_WARN_BLOCK_CAPTURE_AUTORELEASING = YES;
				CLANG_WARN_BOOL_CONVERSION = YES;
				CLANG_WARN_COMMA = YES;
				CLANG_WARN_CONSTANT_CONVERSION = YES;
				CLANG_WARN_DEPRECATED_OBJC_IMPLEMENTATIONS = YES;
				CLANG_WARN_DIRECT_OBJC_ISA_USAGE = YES_ERROR;
				CLANG_WARN_DOCUMENTATION_COMMENTS = YES;
				CLANG_WARN_EMPTY_BODY = YES;
				CLANG_WARN_ENUM_CONVERSION = YES;
				CLANG_WARN_INFINITE_RECURSION = YES;
				CLANG_WARN_INT_CONVERSION = YES;
				CLANG_WARN_NON_LITERAL_NULL_CONVERSION = YES;
				CLANG_WARN_OBJC_IMPLICIT_RETAIN_SELF = YES;
				CLANG_WARN_OBJC_LITERAL_CONVERSION = YES;
				CLANG_WARN_OBJC_ROOT_CLASS = YES_ERROR;
				CLANG_WARN_QUOTED_INCLUDE_IN_FRAMEWORK_HEADER = YES;
				CLANG_WARN_RANGE_LOOP_ANALYSIS = YES;
				CLANG_WARN_STRICT_PROTOTYPES = YES;
				CLANG_WARN_SUSPICIOUS_MOVE = YES;
				CLANG_WARN_UNGUARDED_AVAILABILITY = YES_AGGRESSIVE;
				CLANG_WARN_UNREACHABLE_CODE = YES;
				CLANG_WARN__DUPLICATE_METHOD_MATCH = YES;
				COPY_PHASE_STRIP = NO;
				DEBUG_INFORMATION_FORMAT = "dwarf-with-dsym";
				ENABLE_NS_ASSERTIONS = NO;
				ENABLE_STRICT_OBJC_MSGSEND = YES;
				ENABLE_USER_SCRIPT_SANDBOXING = YES;
				GCC_C_LANGUAGE_STANDARD = gnu17;
				GCC_NO_COMMON_BLOCKS = YES;
				GCC_WARN_64_TO_32_BIT_CONVERSION = YES;
				GCC_WARN_ABOUT_RETURN_TYPE = YES_ERROR;
				GCC_WARN_UNDECLARED_SELECTOR = YES;
				GCC_WARN_UNINITIALIZED_AUTOS = YES_AGGRESSIVE;
				GCC_WARN_UNUSED_FUNCTION = YES;
				GCC_WARN_UNUSED_VARIABLE = YES;
				IPHONEOS_DEPLOYMENT_TARGET = 17.0;
				LOCALIZATION_PREFERS_STRING_CATALOGS = YES;
				MTL_ENABLE_DEBUG_INFO = NO;
				MTL_FAST_MATH = YES;
				SDKROOT = iphoneos;
				SWIFT_COMPILATION_MODE = wholemodule;
				VALIDATE_PRODUCT = YES;
			};
			name = Release;
		};
		FC71EC3F2BBB33AD00C01C0E /* Debug */ = {
			isa = XCBuildConfiguration;
			buildSettings = {
				ASSETCATALOG_COMPILER_APPICON_NAME = AppIcon;
				ASSETCATALOG_COMPILER_GLOBAL_ACCENT_COLOR_NAME = AccentColor;
				CODE_SIGN_STYLE = Automatic;
				CURRENT_PROJECT_VERSION = 1;
				DEVELOPMENT_ASSET_PATHS = "\"LearnLang/Preview Content\"";
				DEVELOPMENT_TEAM = 527U829H6E;
				ENABLE_PREVIEWS = YES;
				GENERATE_INFOPLIST_FILE = YES;
				INFOPLIST_KEY_UIApplicationSceneManifest_Generation = YES;
				INFOPLIST_KEY_UIApplicationSupportsIndirectInputEvents = YES;
				INFOPLIST_KEY_UILaunchScreen_Generation = YES;
				INFOPLIST_KEY_UISupportedInterfaceOrientations_iPad = "UIInterfaceOrientationPortrait UIInterfaceOrientationPortraitUpsideDown UIInterfaceOrientationLandscapeLeft UIInterfaceOrientationLandscapeRight";
				INFOPLIST_KEY_UISupportedInterfaceOrientations_iPhone = "UIInterfaceOrientationPortrait UIInterfaceOrientationLandscapeLeft UIInterfaceOrientationLandscapeRight";
				LD_RUNPATH_SEARCH_PATHS = (
					"$(inherited)",
					"@executable_path/Frameworks",
				);
				MARKETING_VERSION = 1.0;
				PRODUCT_BUNDLE_IDENTIFIER = AlexKolch.LearnLang;
				PRODUCT_NAME = "$(TARGET_NAME)";
				SWIFT_EMIT_LOC_STRINGS = YES;
				SWIFT_VERSION = 5.0;
				TARGETED_DEVICE_FAMILY = "1,2";
			};
			name = Debug;
		};
		FC71EC402BBB33AD00C01C0E /* Release */ = {
			isa = XCBuildConfiguration;
			buildSettings = {
				ASSETCATALOG_COMPILER_APPICON_NAME = AppIcon;
				ASSETCATALOG_COMPILER_GLOBAL_ACCENT_COLOR_NAME = AccentColor;
				CODE_SIGN_STYLE = Automatic;
				CURRENT_PROJECT_VERSION = 1;
				DEVELOPMENT_ASSET_PATHS = "\"LearnLang/Preview Content\"";
				DEVELOPMENT_TEAM = 527U829H6E;
				ENABLE_PREVIEWS = YES;
				GENERATE_INFOPLIST_FILE = YES;
				INFOPLIST_KEY_UIApplicationSceneManifest_Generation = YES;
				INFOPLIST_KEY_UIApplicationSupportsIndirectInputEvents = YES;
				INFOPLIST_KEY_UILaunchScreen_Generation = YES;
				INFOPLIST_KEY_UISupportedInterfaceOrientations_iPad = "UIInterfaceOrientationPortrait UIInterfaceOrientationPortraitUpsideDown UIInterfaceOrientationLandscapeLeft UIInterfaceOrientationLandscapeRight";
				INFOPLIST_KEY_UISupportedInterfaceOrientations_iPhone = "UIInterfaceOrientationPortrait UIInterfaceOrientationLandscapeLeft UIInterfaceOrientationLandscapeRight";
				LD_RUNPATH_SEARCH_PATHS = (
					"$(inherited)",
					"@executable_path/Frameworks",
				);
				MARKETING_VERSION = 1.0;
				PRODUCT_BUNDLE_IDENTIFIER = AlexKolch.LearnLang;
				PRODUCT_NAME = "$(TARGET_NAME)";
				SWIFT_EMIT_LOC_STRINGS = YES;
				SWIFT_VERSION = 5.0;
				TARGETED_DEVICE_FAMILY = "1,2";
			};
			name = Release;
		};
/* End XCBuildConfiguration section */

/* Begin XCConfigurationList section */
		FC71EC2B2BBB33AC00C01C0E /* Build configuration list for PBXProject "LearnLang" */ = {
			isa = XCConfigurationList;
			buildConfigurations = (
				FC71EC3C2BBB33AD00C01C0E /* Debug */,
				FC71EC3D2BBB33AD00C01C0E /* Release */,
			);
			defaultConfigurationIsVisible = 0;
			defaultConfigurationName = Release;
		};
		FC71EC3E2BBB33AD00C01C0E /* Build configuration list for PBXNativeTarget "LearnLang" */ = {
			isa = XCConfigurationList;
			buildConfigurations = (
				FC71EC3F2BBB33AD00C01C0E /* Debug */,
				FC71EC402BBB33AD00C01C0E /* Release */,
			);
			defaultConfigurationIsVisible = 0;
			defaultConfigurationName = Release;
		};
/* End XCConfigurationList section */
	};
	rootObject = FC71EC282BBB33AC00C01C0E /* Project object */;
}
